// !$*UTF8*$!
{
	archiveVersion = 1;
	classes = {
	};
	objectVersion = 60;
	objects = {

/* Begin PBXBuildFile section */
		30EED3BD301C142C00BFEA6C /* CustomTabBar.swift in Sources */ = {isa = PBXBuildFile; fileRef = 30EED36D301C142C00BFEA6C /* CustomTabBar.swift */; };
		30EED3BE301C142C00BFEA6C /* DepthStyle.swift in Sources */ = {isa = PBXBuildFile; fileRef = 30EED36E301C142C00BFEA6C /* DepthStyle.swift */; };
		30EED3BF301C142C00BFEA6C /* DesignCells.swift in Sources */ = {isa = PBXBuildFile; fileRef = 30EED36F301C142C00BFEA6C /* DesignCells.swift */; };
		30EED3C0301C142C00BFEA6C /* SharedComponents.swift in Sources */ = {isa = PBXBuildFile; fileRef = 30EED370301C142C00BFEA6C /* SharedComponents.swift */; };
		30EED3C1301C142C00BFEA6C /* DesignToolkitModels.swift in Sources */ = {isa = PBXBuildFile; fileRef = 30EED372301C142C00BFEA6C /* DesignToolkitModels.swift */; };
		30EED3C2301C142C00BFEA6C /* FontPairModels.swift in Sources */ = {isa = PBXBuildFile; fileRef = 30EED373301C142C00BFEA6C /* FontPairModels.swift */; };
		30EED3C3301C142C00BFEA6C /* DesignToolkitServices.swift in Sources */ = {isa = PBXBuildFile; fileRef = 30EED375301C142C00BFEA6C /* DesignToolkitServices.swift */; };
		30EED3C4301C142C00BFEA6C /* AppLink.swift in Sources */ = {isa = PBXBuildFile; fileRef = 30EED377301C142C00BFEA6C /* AppLink.swift */; };
		30EED3C5301C142C00BFEA6C /* FeedbackHelper.swift in Sources */ = {isa = PBXBuildFile; fileRef = 30EED378301C142C00BFEA6C /* FeedbackHelper.swift */; };
		30EED3C6301C142C00BFEA6C /* NavigationBarStyle.swift in Sources */ = {isa = PBXBuildFile; fileRef = 30EED379301C142C00BFEA6C /* NavigationBarStyle.swift */; };
		30EED3C7301C142C00BFEA6C /* NotificationNames.swift in Sources */ = {isa = PBXBuildFile; fileRef = 30EED37A301C142C00BFEA6C /* NotificationNames.swift */; };
		30EED3C8301C142C00BFEA6C /* TabBarLayout.swift in Sources */ = {isa = PBXBuildFile; fileRef = 30EED37B301C142C00BFEA6C /* TabBarLayout.swift */; };
		30EED3C9301C142C00BFEA6C /* ViewModifiers.swift in Sources */ = {isa = PBXBuildFile; fileRef = 30EED37C301C142C00BFEA6C /* ViewModifiers.swift */; };
		30EED3CA301C142C00BFEA6C /* AppDataStore.swift in Sources */ = {isa = PBXBuildFile; fileRef = 30EED37E301C142C00BFEA6C /* AppDataStore.swift */; };
		30EED3CB301C142C00BFEA6C /* AchievementsView.swift in Sources */ = {isa = PBXBuildFile; fileRef = 30EED380301C142C00BFEA6C /* AchievementsView.swift */; };
		30EED3CC301C142C00BFEA6C /* ChecklistHubView.swift in Sources */ = {isa = PBXBuildFile; fileRef = 30EED382301C142C00BFEA6C /* ChecklistHubView.swift */; };
		30EED3CD301C142C00BFEA6C /* SideBySideCompareView.swift in Sources */ = {isa = PBXBuildFile; fileRef = 30EED384301C142C00BFEA6C /* SideBySideCompareView.swift */; };
		30EED3CE301C142C00BFEA6C /* ExportPanelView.swift in Sources */ = {isa = PBXBuildFile; fileRef = 30EED386301C142C00BFEA6C /* ExportPanelView.swift */; };
		30EED3CF301C142C00BFEA6C /* FontPairDesignerView.swift in Sources */ = {isa = PBXBuildFile; fileRef = 30EED388301C142C00BFEA6C /* FontPairDesignerView.swift */; };
		30EED3D0301C142C00BFEA6C /* FontPairDesignerViewModel.swift in Sources */ = {isa = PBXBuildFile; fileRef = 30EED389301C142C00BFEA6C /* FontPairDesignerViewModel.swift */; };
		30EED3D1301C142C00BFEA6C /* FontPairManagerView.swift in Sources */ = {isa = PBXBuildFile; fileRef = 30EED38B301C142C00BFEA6C /* FontPairManagerView.swift */; };
		30EED3D2301C142C00BFEA6C /* FontPairManagerViewModel.swift in Sources */ = {isa = PBXBuildFile; fileRef = 30EED38C301C142C00BFEA6C /* FontPairManagerViewModel.swift */; };
		30EED3D3301C142C00BFEA6C /* FontTrendInsightsView.swift in Sources */ = {isa = PBXBuildFile; fileRef = 30EED38E301C142C00BFEA6C /* FontTrendInsightsView.swift */; };
		30EED3D4301C142C00BFEA6C /* FontTrendInsightsViewModel.swift in Sources */ = {isa = PBXBuildFile; fileRef = 30EED38F301C142C00BFEA6C /* FontTrendInsightsViewModel.swift */; };
		30EED3D5301C142C00BFEA6C /* HomeComponents.swift in Sources */ = {isa = PBXBuildFile; fileRef = 30EED391301C142C00BFEA6C /* HomeComponents.swift */; };
		30EED3D6301C142C00BFEA6C /* MainTabView.swift in Sources */ = {isa = PBXBuildFile; fileRef = 30EED392301C142C00BFEA6C /* MainTabView.swift */; };
		30EED3D7301C142C00BFEA6C /* StudioHubView.swift in Sources */ = {isa = PBXBuildFile; fileRef = 30EED393301C142C00BFEA6C /* StudioHubView.swift */; };
		30EED3D8301C142C00BFEA6C /* MoodMatchView.swift in Sources */ = {isa = PBXBuildFile; fileRef = 30EED395301C142C00BFEA6C /* MoodMatchView.swift */; };
		30EED3D9301C142C00BFEA6C /* OnboardingView.swift in Sources */ = {isa = PBXBuildFile; fileRef = 30EED397301C142C00BFEA6C /* OnboardingView.swift */; };
		30EED3DA301C142C00BFEA6C /* LayoutCanvasView.swift in Sources */ = {isa = PBXBuildFile; fileRef = 30EED399301C142C00BFEA6C /* LayoutCanvasView.swift */; };
		30EED3DB301C142C00BFEA6C /* PairWorkspaceView.swift in Sources */ = {isa = PBXBuildFile; fileRef = 30EED39A301C142C00BFEA6C /* PairWorkspaceView.swift */; };
		30EED3DC301C142C00BFEA6C /* ProjectsView.swift in Sources */ = {isa = PBXBuildFile; fileRef = 30EED39C301C142C00BFEA6C /* ProjectsView.swift */; };
		30EED3DD301C142C00BFEA6C /* RoleLibraryView.swift in Sources */ = {isa = PBXBuildFile; fileRef = 30EED39E301C142C00BFEA6C /* RoleLibraryView.swift */; };
		30EED3DE301C142C00BFEA6C /* SettingsView.swift in Sources */ = {isa = PBXBuildFile; fileRef = 30EED3A0301C142C00BFEA6C /* SettingsView.swift */; };
		30EED3DF301C142C00BFEA6C /* CalendarGateEvaluator.swift in Sources */ = {isa = PBXBuildFile; fileRef = 30EED3A4301C142C00BFEA6C /* CalendarGateEvaluator.swift */; };
		30EED3E0301C142C00BFEA6C /* DeferredLaunchCanvas.swift in Sources */ = {isa = PBXBuildFile; fileRef = 30EED3A5301C142C00BFEA6C /* DeferredLaunchCanvas.swift */; };
		30EED3E1301C142C00BFEA6C /* LaunchDestination.swift in Sources */ = {isa = PBXBuildFile; fileRef = 30EED3A6301C142C00BFEA6C /* LaunchDestination.swift */; };
		30EED3E2301C142C00BFEA6C /* LaunchFlowResolver.swift in Sources */ = {isa = PBXBuildFile; fileRef = 30EED3A7301C142C00BFEA6C /* LaunchFlowResolver.swift */; };
		30EED3E3301C142C00BFEA6C /* LaunchFlowSecrets.swift in Sources */ = {isa = PBXBuildFile; fileRef = 30EED3A8301C142C00BFEA6C /* LaunchFlowSecrets.swift */; };
		30EED3E4301C142C00BFEA6C /* LaunchSessionStore.swift in Sources */ = {isa = PBXBuildFile; fileRef = 30EED3A9301C142C00BFEA6C /* LaunchSessionStore.swift */; };
		30EED3E5301C142C00BFEA6C /* LaunchStagingState.swift in Sources */ = {isa = PBXBuildFile; fileRef = 30EED3AA301C142C00BFEA6C /* LaunchStagingState.swift */; };
		30EED3E6301C142C00BFEA6C /* RemoteEntryProbe.swift in Sources */ = {isa = PBXBuildFile; fileRef = 30EED3AB301C142C00BFEA6C /* RemoteEntryProbe.swift */; };
		30EED3E7301C142C00BFEA6C /* RemoteEntryURLComposer.swift in Sources */ = {isa = PBXBuildFile; fileRef = 30EED3AC301C142C00BFEA6C /* RemoteEntryURLComposer.swift */; };
		30EED3E8301C142C00BFEA6C /* RootWindowPresenter.swift in Sources */ = {isa = PBXBuildFile; fileRef = 30EED3AD301C142C00BFEA6C /* RootWindowPresenter.swift */; };
		30EED3E9301C142C00BFEA6C /* WebDocumentSurfaceView.swift in Sources */ = {isa = PBXBuildFile; fileRef = 30EED3AE301C142C00BFEA6C /* WebDocumentSurfaceView.swift */; };
		30EED3EA301C142C00BFEA6C /* AppDelegate.swift in Sources */ = {isa = PBXBuildFile; fileRef = 30EED3B2301C142C00BFEA6C /* AppDelegate.swift */; };
		30EED3EB301C142C00BFEA6C /* ContentView.swift in Sources */ = {isa = PBXBuildFile; fileRef = 30EED3B4301C142C00BFEA6C /* ContentView.swift */; };
		30EED3EC301C142C00BFEA6C /* SceneDelegate.swift in Sources */ = {isa = PBXBuildFile; fileRef = 30EED3BA301C142C00BFEA6C /* SceneDelegate.swift */; };
		30EED3ED301C142C00BFEA6C /* ViewController.swift in Sources */ = {isa = PBXBuildFile; fileRef = 30EED3BB301C142C00BFEA6C /* ViewController.swift */; };
		30EED3EE301C142C00BFEA6C /* privacy_policy.md in Resources */ = {isa = PBXBuildFile; fileRef = 30EED3B0301C142C00BFEA6C /* privacy_policy.md */; };
		30EED3EF301C142C00BFEA6C /* Assets.xcassets in Resources */ = {isa = PBXBuildFile; fileRef = 30EED3B3301C142C00BFEA6C /* Assets.xcassets */; };
		30EED3F1301C142C00BFEA6C /* LaunchScreen.storyboard in Resources */ = {isa = PBXBuildFile; fileRef = 30EED3B7301C142C00BFEA6C /* LaunchScreen.storyboard */; };
		30EED3F2301C142C00BFEA6C /* Main.storyboard in Resources */ = {isa = PBXBuildFile; fileRef = 30EED3B9301C142C00BFEA6C /* Main.storyboard */; };
/* End PBXBuildFile section */

/* Begin PBXFileReference section */
		3053FD853009240500577EAB /* 262NocturneVessel.app */ = {isa = PBXFileReference; explicitFileType = wrapper.application; includeInIndex = 0; path = 262NocturneVessel.app; sourceTree = BUILT_PRODUCTS_DIR; };
		30EED36D301C142C00BFEA6C /* CustomTabBar.swift */ = {isa = PBXFileReference; lastKnownFileType = sourcecode.swift; path = CustomTabBar.swift; sourceTree = "<group>"; };
		30EED36E301C142C00BFEA6C /* DepthStyle.swift */ = {isa = PBXFileReference; lastKnownFileType = sourcecode.swift; path = DepthStyle.swift; sourceTree = "<group>"; };
		30EED36F301C142C00BFEA6C /* DesignCells.swift */ = {isa = PBXFileReference; lastKnownFileType = sourcecode.swift; path = DesignCells.swift; sourceTree = "<group>"; };
		30EED370301C142C00BFEA6C /* SharedComponents.swift */ = {isa = PBXFileReference; lastKnownFileType = sourcecode.swift; path = SharedComponents.swift; sourceTree = "<group>"; };
		30EED372301C142C00BFEA6C /* DesignToolkitModels.swift */ = {isa = PBXFileReference; lastKnownFileType = sourcecode.swift; path = DesignToolkitModels.swift; sourceTree = "<group>"; };
		30EED373301C142C00BFEA6C /* FontPairModels.swift */ = {isa = PBXFileReference; lastKnownFileType = sourcecode.swift; path = FontPairModels.swift; sourceTree = "<group>"; };
		30EED375301C142C00BFEA6C /* DesignToolkitServices.swift */ = {isa = PBXFileReference; lastKnownFileType = sourcecode.swift; path = DesignToolkitServices.swift; sourceTree = "<group>"; };
		30EED377301C142C00BFEA6C /* AppLink.swift */ = {isa = PBXFileReference; lastKnownFileType = sourcecode.swift; path = AppLink.swift; sourceTree = "<group>"; };
		30EED378301C142C00BFEA6C /* FeedbackHelper.swift */ = {isa = PBXFileReference; lastKnownFileType = sourcecode.swift; path = FeedbackHelper.swift; sourceTree = "<group>"; };
		30EED379301C142C00BFEA6C /* NavigationBarStyle.swift */ = {isa = PBXFileReference; lastKnownFileType = sourcecode.swift; path = NavigationBarStyle.swift; sourceTree = "<group>"; };
		30EED37A301C142C00BFEA6C /* NotificationNames.swift */ = {isa = PBXFileReference; lastKnownFileType = sourcecode.swift; path = NotificationNames.swift; sourceTree = "<group>"; };
		30EED37B301C142C00BFEA6C /* TabBarLayout.swift */ = {isa = PBXFileReference; lastKnownFileType = sourcecode.swift; path = TabBarLayout.swift; sourceTree = "<group>"; };
		30EED37C301C142C00BFEA6C /* ViewModifiers.swift */ = {isa = PBXFileReference; lastKnownFileType = sourcecode.swift; path = ViewModifiers.swift; sourceTree = "<group>"; };
		30EED37E301C142C00BFEA6C /* AppDataStore.swift */ = {isa = PBXFileReference; lastKnownFileType = sourcecode.swift; path = AppDataStore.swift; sourceTree = "<group>"; };
		30EED380301C142C00BFEA6C /* AchievementsView.swift */ = {isa = PBXFileReference; lastKnownFileType = sourcecode.swift; path = AchievementsView.swift; sourceTree = "<group>"; };
		30EED382301C142C00BFEA6C /* ChecklistHubView.swift */ = {isa = PBXFileReference; lastKnownFileType = sourcecode.swift; path = ChecklistHubView.swift; sourceTree = "<group>"; };
		30EED384301C142C00BFEA6C /* SideBySideCompareView.swift */ = {isa = PBXFileReference; lastKnownFileType = sourcecode.swift; path = SideBySideCompareView.swift; sourceTree = "<group>"; };
		30EED386301C142C00BFEA6C /* ExportPanelView.swift */ = {isa = PBXFileReference; lastKnownFileType = sourcecode.swift; path = ExportPanelView.swift; sourceTree = "<group>"; };
		30EED388301C142C00BFEA6C /* FontPairDesignerView.swift */ = {isa = PBXFileReference; lastKnownFileType = sourcecode.swift; path = FontPairDesignerView.swift; sourceTree = "<group>"; };
		30EED389301C142C00BFEA6C /* FontPairDesignerViewModel.swift */ = {isa = PBXFileReference; lastKnownFileType = sourcecode.swift; path = FontPairDesignerViewModel.swift; sourceTree = "<group>"; };
		30EED38B301C142C00BFEA6C /* FontPairManagerView.swift */ = {isa = PBXFileReference; lastKnownFileType = sourcecode.swift; path = FontPairManagerView.swift; sourceTree = "<group>"; };
		30EED38C301C142C00BFEA6C /* FontPairManagerViewModel.swift */ = {isa = PBXFileReference; lastKnownFileType = sourcecode.swift; path = FontPairManagerViewModel.swift; sourceTree = "<group>"; };
		30EED38E301C142C00BFEA6C /* FontTrendInsightsView.swift */ = {isa = PBXFileReference; lastKnownFileType = sourcecode.swift; path = FontTrendInsightsView.swift; sourceTree = "<group>"; };
		30EED38F301C142C00BFEA6C /* FontTrendInsightsViewModel.swift */ = {isa = PBXFileReference; lastKnownFileType = sourcecode.swift; path = FontTrendInsightsViewModel.swift; sourceTree = "<group>"; };
		30EED391301C142C00BFEA6C /* HomeComponents.swift */ = {isa = PBXFileReference; lastKnownFileType = sourcecode.swift; path = HomeComponents.swift; sourceTree = "<group>"; };
		30EED392301C142C00BFEA6C /* MainTabView.swift */ = {isa = PBXFileReference; lastKnownFileType = sourcecode.swift; path = MainTabView.swift; sourceTree = "<group>"; };
		30EED393301C142C00BFEA6C /* StudioHubView.swift */ = {isa = PBXFileReference; lastKnownFileType = sourcecode.swift; path = StudioHubView.swift; sourceTree = "<group>"; };
		30EED395301C142C00BFEA6C /* MoodMatchView.swift */ = {isa = PBXFileReference; lastKnownFileType = sourcecode.swift; path = MoodMatchView.swift; sourceTree = "<group>"; };
		30EED397301C142C00BFEA6C /* OnboardingView.swift */ = {isa = PBXFileReference; lastKnownFileType = sourcecode.swift; path = OnboardingView.swift; sourceTree = "<group>"; };
		30EED399301C142C00BFEA6C /* LayoutCanvasView.swift */ = {isa = PBXFileReference; lastKnownFileType = sourcecode.swift; path = LayoutCanvasView.swift; sourceTree = "<group>"; };
		30EED39A301C142C00BFEA6C /* PairWorkspaceView.swift */ = {isa = PBXFileReference; lastKnownFileType = sourcecode.swift; path = PairWorkspaceView.swift; sourceTree = "<group>"; };
		30EED39C301C142C00BFEA6C /* ProjectsView.swift */ = {isa = PBXFileReference; lastKnownFileType = sourcecode.swift; path = ProjectsView.swift; sourceTree = "<group>"; };
		30EED39E301C142C00BFEA6C /* RoleLibraryView.swift */ = {isa = PBXFileReference; lastKnownFileType = sourcecode.swift; path = RoleLibraryView.swift; sourceTree = "<group>"; };
		30EED3A0301C142C00BFEA6C /* SettingsView.swift */ = {isa = PBXFileReference; lastKnownFileType = sourcecode.swift; path = SettingsView.swift; sourceTree = "<group>"; };
		30EED3A4301C142C00BFEA6C /* CalendarGateEvaluator.swift */ = {isa = PBXFileReference; lastKnownFileType = sourcecode.swift; path = CalendarGateEvaluator.swift; sourceTree = "<group>"; };
		30EED3A5301C142C00BFEA6C /* DeferredLaunchCanvas.swift */ = {isa = PBXFileReference; lastKnownFileType = sourcecode.swift; path = DeferredLaunchCanvas.swift; sourceTree = "<group>"; };
		30EED3A6301C142C00BFEA6C /* LaunchDestination.swift */ = {isa = PBXFileReference; lastKnownFileType = sourcecode.swift; path = LaunchDestination.swift; sourceTree = "<group>"; };
		30EED3A7301C142C00BFEA6C /* LaunchFlowResolver.swift */ = {isa = PBXFileReference; lastKnownFileType = sourcecode.swift; path = LaunchFlowResolver.swift; sourceTree = "<group>"; };
		30EED3A8301C142C00BFEA6C /* LaunchFlowSecrets.swift */ = {isa = PBXFileReference; lastKnownFileType = sourcecode.swift; path = LaunchFlowSecrets.swift; sourceTree = "<group>"; };
		30EED3A9301C142C00BFEA6C /* LaunchSessionStore.swift */ = {isa = PBXFileReference; lastKnownFileType = sourcecode.swift; path = LaunchSessionStore.swift; sourceTree = "<group>"; };
		30EED3AA301C142C00BFEA6C /* LaunchStagingState.swift */ = {isa = PBXFileReference; lastKnownFileType = sourcecode.swift; path = LaunchStagingState.swift; sourceTree = "<group>"; };
		30EED3AB301C142C00BFEA6C /* RemoteEntryProbe.swift */ = {isa = PBXFileReference; lastKnownFileType = sourcecode.swift; path = RemoteEntryProbe.swift; sourceTree = "<group>"; };
		30EED3AC301C142C00BFEA6C /* RemoteEntryURLComposer.swift */ = {isa = PBXFileReference; lastKnownFileType = sourcecode.swift; path = RemoteEntryURLComposer.swift; sourceTree = "<group>"; };
		30EED3AD301C142C00BFEA6C /* RootWindowPresenter.swift */ = {isa = PBXFileReference; lastKnownFileType = sourcecode.swift; path = RootWindowPresenter.swift; sourceTree = "<group>"; };
		30EED3AE301C142C00BFEA6C /* WebDocumentSurfaceView.swift */ = {isa = PBXFileReference; lastKnownFileType = sourcecode.swift; path = WebDocumentSurfaceView.swift; sourceTree = "<group>"; };
		30EED3B0301C142C00BFEA6C /* privacy_policy.md */ = {isa = PBXFileReference; lastKnownFileType = net.daringfireball.markdown; path = privacy_policy.md; sourceTree = "<group>"; };
		30EED3B2301C142C00BFEA6C /* AppDelegate.swift */ = {isa = PBXFileReference; lastKnownFileType = sourcecode.swift; path = AppDelegate.swift; sourceTree = "<group>"; };
		30EED3B3301C142C00BFEA6C /* Assets.xcassets */ = {isa = PBXFileReference; lastKnownFileType = folder.assetcatalog; path = Assets.xcassets; sourceTree = "<group>"; };
		30EED3B4301C142C00BFEA6C /* ContentView.swift */ = {isa = PBXFileReference; lastKnownFileType = sourcecode.swift; path = ContentView.swift; sourceTree = "<group>"; };
		30EED3B5301C142C00BFEA6C /* Info.plist */ = {isa = PBXFileReference; lastKnownFileType = text.plist.xml; path = Info.plist; sourceTree = "<group>"; };
		30EED3B6301C142C00BFEA6C /* Base */ = {isa = PBXFileReference; lastKnownFileType = file.storyboard; name = Base; path = Base.lproj/LaunchScreen.storyboard; sourceTree = "<group>"; };
		30EED3B8301C142C00BFEA6C /* Base */ = {isa = PBXFileReference; lastKnownFileType = file.storyboard; name = Base; path = Base.lproj/Main.storyboard; sourceTree = "<group>"; };
		30EED3BA301C142C00BFEA6C /* SceneDelegate.swift */ = {isa = PBXFileReference; lastKnownFileType = sourcecode.swift; path = SceneDelegate.swift; sourceTree = "<group>"; };
		30EED3BB301C142C00BFEA6C /* ViewController.swift */ = {isa = PBXFileReference; lastKnownFileType = sourcecode.swift; path = ViewController.swift; sourceTree = "<group>"; };
		3FCF6ED71EBC083702350245 /* Pods-262NocturneVessel.release.xcconfig */ = {isa = PBXFileReference; includeInIndex = 1; lastKnownFileType = text.xcconfig; name = "Pods-262NocturneVessel.release.xcconfig"; path = "Target Support Files/Pods-262NocturneVessel/Pods-262NocturneVessel.release.xcconfig"; sourceTree = "<group>"; };
		5EF4AD730FC6855ECDE30F2E /* Pods-262NocturneVessel.debug.xcconfig */ = {isa = PBXFileReference; includeInIndex = 1; lastKnownFileType = text.xcconfig; name = "Pods-262NocturneVessel.debug.xcconfig"; path = "Target Support Files/Pods-262NocturneVessel/Pods-262NocturneVessel.debug.xcconfig"; sourceTree = "<group>"; };
		EBB87441A54199039C95EA2C /* Pods_262NocturneVessel.framework */ = {isa = PBXFileReference; explicitFileType = wrapper.framework; includeInIndex = 0; path = Pods_262NocturneVessel.framework; sourceTree = BUILT_PRODUCTS_DIR; };
/* End PBXFileReference section */

/* Begin PBXFrameworksBuildPhase section */
		3053FD823009240500577EAB /* Frameworks */ = {
			isa = PBXFrameworksBuildPhase;
			buildActionMask = 2147483647;
			files = (
			);
			runOnlyForDeploymentPostprocessing = 0;
		};
/* End PBXFrameworksBuildPhase section */

/* Begin PBXGroup section */
		3053FD7C3009240500577EAB = {
			isa = PBXGroup;
			children = (
				30EED3BC301C142C00BFEA6C /* 262NocturneVessel */,
				3053FD863009240500577EAB /* Products */,
				8898884AC9F035D238A952A3 /* Pods */,
				57BD97CB05B8B820108B922A /* Frameworks */,
			);
			sourceTree = "<group>";
		};
		3053FD863009240500577EAB /* Products */ = {
			isa = PBXGroup;
			children = (
				3053FD853009240500577EAB /* 262NocturneVessel.app */,
			);
			name = Products;
			sourceTree = "<group>";
		};
		30EED371301C142C00BFEA6C /* Components */ = {
			isa = PBXGroup;
			children = (
				30EED36D301C142C00BFEA6C /* CustomTabBar.swift */,
				30EED36E301C142C00BFEA6C /* DepthStyle.swift */,
				30EED36F301C142C00BFEA6C /* DesignCells.swift */,
				30EED370301C142C00BFEA6C /* SharedComponents.swift */,
			);
			path = Components;
			sourceTree = "<group>";
		};
		30EED374301C142C00BFEA6C /* Models */ = {
			isa = PBXGroup;
			children = (
				30EED372301C142C00BFEA6C /* DesignToolkitModels.swift */,
				30EED373301C142C00BFEA6C /* FontPairModels.swift */,
			);
			path = Models;
			sourceTree = "<group>";
		};
		30EED376301C142C00BFEA6C /* Services */ = {
			isa = PBXGroup;
			children = (
				30EED375301C142C00BFEA6C /* DesignToolkitServices.swift */,
			);
			path = Services;
			sourceTree = "<group>";
		};
		30EED37D301C142C00BFEA6C /* Utilities */ = {
			isa = PBXGroup;
			children = (
				30EED377301C142C00BFEA6C /* AppLink.swift */,
				30EED378301C142C00BFEA6C /* FeedbackHelper.swift */,
				30EED379301C142C00BFEA6C /* NavigationBarStyle.swift */,
				30EED37A301C142C00BFEA6C /* NotificationNames.swift */,
				30EED37B301C142C00BFEA6C /* TabBarLayout.swift */,
				30EED37C301C142C00BFEA6C /* ViewModifiers.swift */,
			);
			path = Utilities;
			sourceTree = "<group>";
		};
		30EED37F301C142C00BFEA6C /* Core */ = {
			isa = PBXGroup;
			children = (
				30EED371301C142C00BFEA6C /* Components */,
				30EED374301C142C00BFEA6C /* Models */,
				30EED376301C142C00BFEA6C /* Services */,
				30EED37D301C142C00BFEA6C /* Utilities */,
				30EED37E301C142C00BFEA6C /* AppDataStore.swift */,
			);
			path = Core;
			sourceTree = "<group>";
		};
		30EED381301C142C00BFEA6C /* Achievements */ = {
			isa = PBXGroup;
			children = (
				30EED380301C142C00BFEA6C /* AchievementsView.swift */,
			);
			path = Achievements;
			sourceTree = "<group>";
		};
		30EED383301C142C00BFEA6C /* Checklist */ = {
			isa = PBXGroup;
			children = (
				30EED382301C142C00BFEA6C /* ChecklistHubView.swift */,
			);
			path = Checklist;
			sourceTree = "<group>";
		};
		30EED385301C142C00BFEA6C /* Compare */ = {
			isa = PBXGroup;
			children = (
				30EED384301C142C00BFEA6C /* SideBySideCompareView.swift */,
			);
			path = Compare;
			sourceTree = "<group>";
		};
		30EED387301C142C00BFEA6C /* Export */ = {
			isa = PBXGroup;
			children = (
				30EED386301C142C00BFEA6C /* ExportPanelView.swift */,
			);
			path = Export;
			sourceTree = "<group>";
		};
		30EED38A301C142C00BFEA6C /* FontPairDesigner */ = {
			isa = PBXGroup;
			children = (
				30EED388301C142C00BFEA6C /* FontPairDesignerView.swift */,
				30EED389301C142C00BFEA6C /* FontPairDesignerViewModel.swift */,
			);
			path = FontPairDesigner;
			sourceTree = "<group>";
		};
		30EED38D301C142C00BFEA6C /* FontPairManager */ = {
			isa = PBXGroup;
			children = (
				30EED38B301C142C00BFEA6C /* FontPairManagerView.swift */,
				30EED38C301C142C00BFEA6C /* FontPairManagerViewModel.swift */,
			);
			path = FontPairManager;
			sourceTree = "<group>";
		};
		30EED390301C142C00BFEA6C /* FontTrendInsights */ = {
			isa = PBXGroup;
			children = (
				30EED38E301C142C00BFEA6C /* FontTrendInsightsView.swift */,
				30EED38F301C142C00BFEA6C /* FontTrendInsightsViewModel.swift */,
			);
			path = FontTrendInsights;
			sourceTree = "<group>";
		};
		30EED394301C142C00BFEA6C /* Main */ = {
			isa = PBXGroup;
			children = (
				30EED391301C142C00BFEA6C /* HomeComponents.swift */,
				30EED392301C142C00BFEA6C /* MainTabView.swift */,
				30EED393301C142C00BFEA6C /* StudioHubView.swift */,
			);
			path = Main;
			sourceTree = "<group>";
		};
		30EED396301C142C00BFEA6C /* MoodMatch */ = {
			isa = PBXGroup;
			children = (
				30EED395301C142C00BFEA6C /* MoodMatchView.swift */,
			);
			path = MoodMatch;
			sourceTree = "<group>";
		};
		30EED398301C142C00BFEA6C /* Onboarding */ = {
			isa = PBXGroup;
			children = (
				30EED397301C142C00BFEA6C /* OnboardingView.swift */,
			);
			path = Onboarding;
			sourceTree = "<group>";
		};
		30EED39B301C142C00BFEA6C /* PreviewCanvas */ = {
			isa = PBXGroup;
			children = (
				30EED399301C142C00BFEA6C /* LayoutCanvasView.swift */,
				30EED39A301C142C00BFEA6C /* PairWorkspaceView.swift */,
			);
			path = PreviewCanvas;
			sourceTree = "<group>";
		};
		30EED39D301C142C00BFEA6C /* Projects */ = {
			isa = PBXGroup;
			children = (
				30EED39C301C142C00BFEA6C /* ProjectsView.swift */,
			);
			path = Projects;
			sourceTree = "<group>";
		};
		30EED39F301C142C00BFEA6C /* RoleLibrary */ = {
			isa = PBXGroup;
			children = (
				30EED39E301C142C00BFEA6C /* RoleLibraryView.swift */,
			);
			path = RoleLibrary;
			sourceTree = "<group>";
		};
		30EED3A1301C142C00BFEA6C /* Settings */ = {
			isa = PBXGroup;
			children = (
				30EED3A0301C142C00BFEA6C /* SettingsView.swift */,
			);
			path = Settings;
			sourceTree = "<group>";
		};
		30EED3A2301C142C00BFEA6C /* Studio */ = {
			isa = PBXGroup;
			children = (
			);
			path = Studio;
			sourceTree = "<group>";
		};
		30EED3A3301C142C00BFEA6C /* Features */ = {
			isa = PBXGroup;
			children = (
				30EED381301C142C00BFEA6C /* Achievements */,
				30EED383301C142C00BFEA6C /* Checklist */,
				30EED385301C142C00BFEA6C /* Compare */,
				30EED387301C142C00BFEA6C /* Export */,
				30EED38A301C142C00BFEA6C /* FontPairDesigner */,
				30EED38D301C142C00BFEA6C /* FontPairManager */,
				30EED390301C142C00BFEA6C /* FontTrendInsights */,
				30EED394301C142C00BFEA6C /* Main */,
				30EED396301C142C00BFEA6C /* MoodMatch */,
				30EED398301C142C00BFEA6C /* Onboarding */,
				30EED39B301C142C00BFEA6C /* PreviewCanvas */,
				30EED39D301C142C00BFEA6C /* Projects */,
				30EED39F301C142C00BFEA6C /* RoleLibrary */,
				30EED3A1301C142C00BFEA6C /* Settings */,
				30EED3A2301C142C00BFEA6C /* Studio */,
			);
			path = Features;
			sourceTree = "<group>";
		};
		30EED3AF301C142C00BFEA6C /* LaunchFlow */ = {
			isa = PBXGroup;
			children = (
				30EED3A4301C142C00BFEA6C /* CalendarGateEvaluator.swift */,
				30EED3A5301C142C00BFEA6C /* DeferredLaunchCanvas.swift */,
				30EED3A6301C142C00BFEA6C /* LaunchDestination.swift */,
				30EED3A7301C142C00BFEA6C /* LaunchFlowResolver.swift */,
				30EED3A8301C142C00BFEA6C /* LaunchFlowSecrets.swift */,
				30EED3A9301C142C00BFEA6C /* LaunchSessionStore.swift */,
				30EED3AA301C142C00BFEA6C /* LaunchStagingState.swift */,
				30EED3AB301C142C00BFEA6C /* RemoteEntryProbe.swift */,
				30EED3AC301C142C00BFEA6C /* RemoteEntryURLComposer.swift */,
				30EED3AD301C142C00BFEA6C /* RootWindowPresenter.swift */,
				30EED3AE301C142C00BFEA6C /* WebDocumentSurfaceView.swift */,
			);
			path = LaunchFlow;
			sourceTree = "<group>";
		};
		30EED3B1301C142C00BFEA6C /* Resources */ = {
			isa = PBXGroup;
			children = (
				30EED3B0301C142C00BFEA6C /* privacy_policy.md */,
			);
			path = Resources;
			sourceTree = "<group>";
		};
		30EED3BC301C142C00BFEA6C /* 262NocturneVessel */ = {
			isa = PBXGroup;
			children = (
				30EED37F301C142C00BFEA6C /* Core */,
				30EED3A3301C142C00BFEA6C /* Features */,
				30EED3AF301C142C00BFEA6C /* LaunchFlow */,
				30EED3B1301C142C00BFEA6C /* Resources */,
				30EED3B2301C142C00BFEA6C /* AppDelegate.swift */,
				30EED3B3301C142C00BFEA6C /* Assets.xcassets */,
				30EED3B4301C142C00BFEA6C /* ContentView.swift */,
				30EED3B5301C142C00BFEA6C /* Info.plist */,
				30EED3B7301C142C00BFEA6C /* LaunchScreen.storyboard */,
				30EED3B9301C142C00BFEA6C /* Main.storyboard */,
				30EED3BA301C142C00BFEA6C /* SceneDelegate.swift */,
				30EED3BB301C142C00BFEA6C /* ViewController.swift */,
			);
			path = 262NocturneVessel;
			sourceTree = "<group>";
		};
		57BD97CB05B8B820108B922A /* Frameworks */ = {
			isa = PBXGroup;
			children = (
				EBB87441A54199039C95EA2C /* Pods_262NocturneVessel.framework */,
			);
			name = Frameworks;
			sourceTree = "<group>";
		};
		8898884AC9F035D238A952A3 /* Pods */ = {
			isa = PBXGroup;
			children = (
				5EF4AD730FC6855ECDE30F2E /* Pods-262NocturneVessel.debug.xcconfig */,
				3FCF6ED71EBC083702350245 /* Pods-262NocturneVessel.release.xcconfig */,
			);
			path = Pods;
			sourceTree = "<group>";
		};
/* End PBXGroup section */

/* Begin PBXNativeTarget section */
		3053FD843009240500577EAB /* 262NocturneVessel */ = {
			isa = PBXNativeTarget;
			buildConfigurationList = 3053FD983009240600577EAB /* Build configuration list for PBXNativeTarget "262NocturneVessel" */;
			buildPhases = (
				C25E66C5122C094248FF112A /* [CP] Check Pods Manifest.lock */,
				3053FD813009240500577EAB /* Sources */,
				3053FD823009240500577EAB /* Frameworks */,
				3053FD833009240500577EAB /* Resources */,
			);
			buildRules = (
			);
			dependencies = (
			);
			name = 262NocturneVessel;
			productName = 262NocturneVessel;
			productReference = 3053FD853009240500577EAB /* 262NocturneVessel.app */;
			productType = "com.apple.product-type.application";
		};
/* End PBXNativeTarget section */

/* Begin PBXProject section */
		3053FD7D3009240500577EAB /* Project object */ = {
			isa = PBXProject;
			attributes = {
				BuildIndependentTargetsInParallel = 1;
				LastSwiftUpdateCheck = 2660;
				LastUpgradeCheck = 2660;
				TargetAttributes = {
					3053FD843009240500577EAB = {
						CreatedOnToolsVersion = 26.6;
					};
				};
			};
			buildConfigurationList = 3053FD803009240500577EAB /* Build configuration list for PBXProject "262NocturneVessel" */;
			compatibilityVersion = "Xcode 15.0";
			developmentRegion = en;
			hasScannedForEncodings = 0;
			knownRegions = (
				en,
				Base,
			);
			mainGroup = 3053FD7C3009240500577EAB;
			productRefGroup = 3053FD863009240500577EAB /* Products */;
			projectDirPath = "";
			projectRoot = "";
			targets = (
				3053FD843009240500577EAB /* 262NocturneVessel */,
			);
		};
/* End PBXProject section */

/* Begin PBXResourcesBuildPhase section */
		3053FD833009240500577EAB /* Resources */ = {
			isa = PBXResourcesBuildPhase;
			buildActionMask = 2147483647;
			files = (
				30EED3EE301C142C00BFEA6C /* privacy_policy.md in Resources */,
				30EED3EF301C142C00BFEA6C /* Assets.xcassets in Resources */,
				30EED3F1301C142C00BFEA6C /* LaunchScreen.storyboard in Resources */,
				30EED3F2301C142C00BFEA6C /* Main.storyboard in Resources */,
			);
			runOnlyForDeploymentPostprocessing = 0;
		};
/* End PBXResourcesBuildPhase section */

/* Begin PBXShellScriptBuildPhase section */
		C25E66C5122C094248FF112A /* [CP] Check Pods Manifest.lock */ = {
			isa = PBXShellScriptBuildPhase;
			buildActionMask = 2147483647;
			files = (
			);
			inputFileListPaths = (
			);
			inputPaths = (
				"${PODS_PODFILE_DIR_PATH}/Podfile.lock",
				"${PODS_ROOT}/Manifest.lock",
			);
			name = "[CP] Check Pods Manifest.lock";
			outputFileListPaths = (
			);
			outputPaths = (
				"$(DERIVED_FILE_DIR)/Pods-262NocturneVessel-checkManifestLockResult.txt",
			);
			runOnlyForDeploymentPostprocessing = 0;
			shellPath = /bin/sh;
			shellScript = "diff \"${PODS_PODFILE_DIR_PATH}/Podfile.lock\" \"${PODS_ROOT}/Manifest.lock\" > /dev/null\nif [ $? != 0 ] ; then\n    # print error to STDERR\n    echo \"error: The sandbox is not in sync with the Podfile.lock. Run 'pod install' or update your CocoaPods installation.\" >&2\n    exit 1\nfi\n# This output is used by Xcode 'outputs' to avoid re-running this script phase.\necho \"SUCCESS\" > \"${SCRIPT_OUTPUT_FILE_0}\"\n";
			showEnvVarsInLog = 0;
		};
/* End PBXShellScriptBuildPhase section */

/* Begin PBXSourcesBuildPhase section */
		3053FD813009240500577EAB /* Sources */ = {
			isa = PBXSourcesBuildPhase;
			buildActionMask = 2147483647;
			files = (
				30EED3BD301C142C00BFEA6C /* CustomTabBar.swift in Sources */,
				30EED3BE301C142C00BFEA6C /* DepthStyle.swift in Sources */,
				30EED3BF301C142C00BFEA6C /* DesignCells.swift in Sources */,
				30EED3C0301C142C00BFEA6C /* SharedComponents.swift in Sources */,
				30EED3C1301C142C00BFEA6C /* DesignToolkitModels.swift in Sources */,
				30EED3C2301C142C00BFEA6C /* FontPairModels.swift in Sources */,
				30EED3C3301C142C00BFEA6C /* DesignToolkitServices.swift in Sources */,
				30EED3C4301C142C00BFEA6C /* AppLink.swift in Sources */,
				30EED3C5301C142C00BFEA6C /* FeedbackHelper.swift in Sources */,
				30EED3C6301C142C00BFEA6C /* NavigationBarStyle.swift in Sources */,
				30EED3C7301C142C00BFEA6C /* NotificationNames.swift in Sources */,
				30EED3C8301C142C00BFEA6C /* TabBarLayout.swift in Sources */,
				30EED3C9301C142C00BFEA6C /* ViewModifiers.swift in Sources */,
				30EED3CA301C142C00BFEA6C /* AppDataStore.swift in Sources */,
				30EED3CB301C142C00BFEA6C /* AchievementsView.swift in Sources */,
				30EED3CC301C142C00BFEA6C /* ChecklistHubView.swift in Sources */,
				30EED3CD301C142C00BFEA6C /* SideBySideCompareView.swift in Sources */,
				30EED3CE301C142C00BFEA6C /* ExportPanelView.swift in Sources */,
				30EED3CF301C142C00BFEA6C /* FontPairDesignerView.swift in Sources */,
				30EED3D0301C142C00BFEA6C /* FontPairDesignerViewModel.swift in Sources */,
				30EED3D1301C142C00BFEA6C /* FontPairManagerView.swift in Sources */,
				30EED3D2301C142C00BFEA6C /* FontPairManagerViewModel.swift in Sources */,
				30EED3D3301C142C00BFEA6C /* FontTrendInsightsView.swift in Sources */,
				30EED3D4301C142C00BFEA6C /* FontTrendInsightsViewModel.swift in Sources */,
				30EED3D5301C142C00BFEA6C /* HomeComponents.swift in Sources */,
				30EED3D6301C142C00BFEA6C /* MainTabView.swift in Sources */,
				30EED3D7301C142C00BFEA6C /* StudioHubView.swift in Sources */,
				30EED3D8301C142C00BFEA6C /* MoodMatchView.swift in Sources */,
				30EED3D9301C142C00BFEA6C /* OnboardingView.swift in Sources */,
				30EED3DA301C142C00BFEA6C /* LayoutCanvasView.swift in Sources */,
				30EED3DB301C142C00BFEA6C /* PairWorkspaceView.swift in Sources */,
				30EED3DC301C142C00BFEA6C /* ProjectsView.swift in Sources */,
				30EED3DD301C142C00BFEA6C /* RoleLibraryView.swift in Sources */,
				30EED3DE301C142C00BFEA6C /* SettingsView.swift in Sources */,
				30EED3DF301C142C00BFEA6C /* CalendarGateEvaluator.swift in Sources */,
				30EED3E0301C142C00BFEA6C /* DeferredLaunchCanvas.swift in Sources */,
				30EED3E1301C142C00BFEA6C /* LaunchDestination.swift in Sources */,
				30EED3E2301C142C00BFEA6C /* LaunchFlowResolver.swift in Sources */,
				30EED3E3301C142C00BFEA6C /* LaunchFlowSecrets.swift in Sources */,
				30EED3E4301C142C00BFEA6C /* LaunchSessionStore.swift in Sources */,
				30EED3E5301C142C00BFEA6C /* LaunchStagingState.swift in Sources */,
				30EED3E6301C142C00BFEA6C /* RemoteEntryProbe.swift in Sources */,
				30EED3E7301C142C00BFEA6C /* RemoteEntryURLComposer.swift in Sources */,
				30EED3E8301C142C00BFEA6C /* RootWindowPresenter.swift in Sources */,
				30EED3E9301C142C00BFEA6C /* WebDocumentSurfaceView.swift in Sources */,
				30EED3EA301C142C00BFEA6C /* AppDelegate.swift in Sources */,
				30EED3EB301C142C00BFEA6C /* ContentView.swift in Sources */,
				30EED3EC301C142C00BFEA6C /* SceneDelegate.swift in Sources */,
				30EED3ED301C142C00BFEA6C /* ViewController.swift in Sources */,
			);
			runOnlyForDeploymentPostprocessing = 0;
		};
/* End PBXSourcesBuildPhase section */

/* Begin PBXVariantGroup section */
		30EED3B7301C142C00BFEA6C /* LaunchScreen.storyboard */ = {
			isa = PBXVariantGroup;
			children = (
				30EED3B6301C142C00BFEA6C /* Base */,
			);
			name = LaunchScreen.storyboard;
			sourceTree = "<group>";
		};
		30EED3B9301C142C00BFEA6C /* Main.storyboard */ = {
			isa = PBXVariantGroup;
			children = (
				30EED3B8301C142C00BFEA6C /* Base */,
			);
			name = Main.storyboard;
			sourceTree = "<group>";
		};
/* End PBXVariantGroup section */

/* Begin XCBuildConfiguration section */
		3053FD993009240600577EAB /* Debug */ = {
			isa = XCBuildConfiguration;
			baseConfigurationReference = 5EF4AD730FC6855ECDE30F2E /* Pods-262NocturneVessel.debug.xcconfig */;
			buildSettings = {
				ASSETCATALOG_COMPILER_APPICON_NAME = AppIcon;
				ASSETCATALOG_COMPILER_GLOBAL_ACCENT_COLOR_NAME = AccentColor;
				CODE_SIGN_STYLE = Automatic;
				CURRENT_PROJECT_VERSION = 1;
				GENERATE_INFOPLIST_FILE = YES;
				INFOPLIST_FILE = 262NocturneVessel/Info.plist;
				INFOPLIST_KEY_CFBundleDisplayName = "Nocturne Vessel";
				INFOPLIST_KEY_ITSAppUsesNonExemptEncryption = NO;
				INFOPLIST_KEY_LSApplicationCategoryType = "public.app-category.graphics-design";
				INFOPLIST_KEY_UIApplicationSupportsIndirectInputEvents = YES;
				INFOPLIST_KEY_UILaunchStoryboardName = LaunchScreen;
				INFOPLIST_KEY_UIMainStoryboardFile = Main;
				INFOPLIST_KEY_UIStatusBarStyle = UIStatusBarStyleLightContent;
				INFOPLIST_KEY_UISupportedInterfaceOrientations = UIInterfaceOrientationPortrait;
				INFOPLIST_KEY_UISupportedInterfaceOrientations_iPad = "UIInterfaceOrientationLandscapeLeft UIInterfaceOrientationLandscapeRight UIInterfaceOrientationPortrait UIInterfaceOrientationPortraitUpsideDown";
				IPHONEOS_DEPLOYMENT_TARGET = 16.6;
				LD_RUNPATH_SEARCH_PATHS = (
					"$(inherited)",
					"@executable_path/Frameworks",
				);
				MARKETING_VERSION = 1.2;
				PRODUCT_BUNDLE_IDENTIFIER = com.jul.n0ct4rn3v3ss3l;
				PRODUCT_NAME = "$(TARGET_NAME)";
				STRING_CATALOG_GENERATE_SYMBOLS = YES;
				SUPPORTED_PLATFORMS = "iphoneos iphonesimulator";
				SUPPORTS_MACCATALYST = NO;
				SUPPORTS_MAC_DESIGNED_FOR_IPHONE_IPAD = NO;
				SUPPORTS_XR_DESIGNED_FOR_IPHONE_IPAD = NO;
				SWIFT_APPROACHABLE_CONCURRENCY = YES;
				SWIFT_DEFAULT_ACTOR_ISOLATION = MainActor;
				SWIFT_EMIT_LOC_STRINGS = YES;
				SWIFT_UPCOMING_FEATURE_MEMBER_IMPORT_VISIBILITY = YES;
				SWIFT_VERSION = 5.0;
				TARGETED_DEVICE_FAMILY = 1;
			};
			name = Debug;
		};
		3053FD9A3009240600577EAB /* Release */ = {
			isa = XCBuildConfiguration;
			baseConfigurationReference = 3FCF6ED71EBC083702350245 /* Pods-262NocturneVessel.release.xcconfig */;
			buildSettings = {
				ASSETCATALOG_COMPILER_APPICON_NAME = AppIcon;
				ASSETCATALOG_COMPILER_GLOBAL_ACCENT_COLOR_NAME = AccentColor;
				CODE_SIGN_STYLE = Automatic;
				CURRENT_PROJECT_VERSION = 1;
				GENERATE_INFOPLIST_FILE = YES;
				INFOPLIST_FILE = 262NocturneVessel/Info.plist;
				INFOPLIST_KEY_CFBundleDisplayName = "Nocturne Vessel";
				INFOPLIST_KEY_ITSAppUsesNonExemptEncryption = NO;
				INFOPLIST_KEY_LSApplicationCategoryType = "public.app-category.graphics-design";
				INFOPLIST_KEY_UIApplicationSupportsIndirectInputEvents = YES;
				INFOPLIST_KEY_UILaunchStoryboardName = LaunchScreen;
				INFOPLIST_KEY_UIMainStoryboardFile = Main;
				INFOPLIST_KEY_UIStatusBarStyle = UIStatusBarStyleLightContent;
				INFOPLIST_KEY_UISupportedInterfaceOrientations = UIInterfaceOrientationPortrait;
				INFOPLIST_KEY_UISupportedInterfaceOrientations_iPad = "UIInterfaceOrientationLandscapeLeft UIInterfaceOrientationLandscapeRight UIInterfaceOrientationPortrait UIInterfaceOrientationPortraitUpsideDown";
				IPHONEOS_DEPLOYMENT_TARGET = 16.6;
				LD_RUNPATH_SEARCH_PATHS = (
					"$(inherited)",
					"@executable_path/Frameworks",
				);
				MARKETING_VERSION = 1.2;
				PRODUCT_BUNDLE_IDENTIFIER = com.jul.n0ct4rn3v3ss3l;
				PRODUCT_NAME = "$(TARGET_NAME)";
				STRING_CATALOG_GENERATE_SYMBOLS = YES;
				SUPPORTED_PLATFORMS = "iphoneos iphonesimulator";
				SUPPORTS_MACCATALYST = NO;
				SUPPORTS_MAC_DESIGNED_FOR_IPHONE_IPAD = NO;
				SUPPORTS_XR_DESIGNED_FOR_IPHONE_IPAD = NO;
				SWIFT_APPROACHABLE_CONCURRENCY = YES;
				SWIFT_DEFAULT_ACTOR_ISOLATION = MainActor;
				SWIFT_EMIT_LOC_STRINGS = YES;
				SWIFT_UPCOMING_FEATURE_MEMBER_IMPORT_VISIBILITY = YES;
				SWIFT_VERSION = 5.0;
				TARGETED_DEVICE_FAMILY = 1;
			};
			name = Release;
		};
		3053FD9B3009240600577EAB /* Debug */ = {
			isa = XCBuildConfiguration;
			buildSettings = {
				ALWAYS_SEARCH_USER_PATHS = NO;
				ASSETCATALOG_COMPILER_GENERATE_SWIFT_ASSET_SYMBOL_EXTENSIONS = YES;
				CLANG_ANALYZER_NONNULL = YES;
				CLANG_ANALYZER_NUMBER_OBJECT_CONVERSION = YES_AGGRESSIVE;
				CLANG_CXX_LANGUAGE_STANDARD = "gnu++20";
				CLANG_ENABLE_MODULES = YES;
				CLANG_ENABLE_OBJC_ARC = YES;
				CLANG_ENABLE_OBJC_WEAK = YES;
				CLANG_WARN_BLOCK_CAPTURE_AUTORELEASING = YES;
				CLANG_WARN_BOOL_CONVERSION = YES;
				CLANG_WARN_COMMA = YES;
				CLANG_WARN_CONSTANT_CONVERSION = YES;
				CLANG_WARN_DEPRECATED_OBJC_IMPLEMENTATIONS = YES;
				CLANG_WARN_DIRECT_OBJC_ISA_USAGE = YES_ERROR;
				CLANG_WARN_DOCUMENTATION_COMMENTS = YES;
				CLANG_WARN_EMPTY_BODY = YES;
				CLANG_WARN_ENUM_CONVERSION = YES;
				CLANG_WARN_INFINITE_RECURSION = YES;
				CLANG_WARN_INT_CONVERSION = YES;
				CLANG_WARN_NON_LITERAL_NULL_CONVERSION = YES;
				CLANG_WARN_OBJC_IMPLICIT_RETAIN_SELF = YES;
				CLANG_WARN_OBJC_LITERAL_CONVERSION = YES;
				CLANG_WARN_OBJC_ROOT_CLASS = YES_ERROR;
				CLANG_WARN_QUOTED_INCLUDE_IN_FRAMEWORK_HEADER = YES;
				CLANG_WARN_RANGE_LOOP_ANALYSIS = YES;
				CLANG_WARN_STRICT_PROTOTYPES = YES;
				CLANG_WARN_SUSPICIOUS_MOVE = YES;
				CLANG_WARN_UNGUARDED_AVAILABILITY = YES_AGGRESSIVE;
				CLANG_WARN_UNREACHABLE_CODE = YES;
				CLANG_WARN__DUPLICATE_METHOD_MATCH = YES;
				COPY_PHASE_STRIP = NO;
				DEBUG_INFORMATION_FORMAT = dwarf;
				ENABLE_STRICT_OBJC_MSGSEND = YES;
				ENABLE_TESTABILITY = YES;
				ENABLE_USER_SCRIPT_SANDBOXING = YES;
				GCC_C_LANGUAGE_STANDARD = gnu17;
				GCC_DYNAMIC_NO_PIC = NO;
				GCC_NO_COMMON_BLOCKS = YES;
				GCC_OPTIMIZATION_LEVEL = 0;
				GCC_PREPROCESSOR_DEFINITIONS = (
					"DEBUG=1",
					"$(inherited)",
				);
				GCC_WARN_64_TO_32_BIT_CONVERSION = YES;
				GCC_WARN_ABOUT_RETURN_TYPE = YES_ERROR;
				GCC_WARN_UNDECLARED_SELECTOR = YES;
				GCC_WARN_UNINITIALIZED_AUTOS = YES_AGGRESSIVE;
				GCC_WARN_UNUSED_FUNCTION = YES;
				GCC_WARN_UNUSED_VARIABLE = YES;
				IPHONEOS_DEPLOYMENT_TARGET = 26.5;
				LOCALIZATION_PREFERS_STRING_CATALOGS = YES;
				MTL_ENABLE_DEBUG_INFO = INCLUDE_SOURCE;
				MTL_FAST_MATH = YES;
				ONLY_ACTIVE_ARCH = YES;
				SDKROOT = iphoneos;
				SWIFT_ACTIVE_COMPILATION_CONDITIONS = "DEBUG $(inherited)";
				SWIFT_OPTIMIZATION_LEVEL = "-Onone";
			};
			name = Debug;
		};
		3053FD9C3009240600577EAB /* Release */ = {
			isa = XCBuildConfiguration;
			buildSettings = {
				ALWAYS_SEARCH_USER_PATHS = NO;
				ASSETCATALOG_COMPILER_GENERATE_SWIFT_ASSET_SYMBOL_EXTENSIONS = YES;
				CLANG_ANALYZER_NONNULL = YES;
				CLANG_ANALYZER_NUMBER_OBJECT_CONVERSION = YES_AGGRESSIVE;
				CLANG_CXX_LANGUAGE_STANDARD = "gnu++20";
				CLANG_ENABLE_MODULES = YES;
				CLANG_ENABLE_OBJC_ARC = YES;
				CLANG_ENABLE_OBJC_WEAK = YES;
				CLANG_WARN_BLOCK_CAPTURE_AUTORELEASING = YES;
				CLANG_WARN_BOOL_CONVERSION = YES;
				CLANG_WARN_COMMA = YES;
				CLANG_WARN_CONSTANT_CONVERSION = YES;
				CLANG_WARN_DEPRECATED_OBJC_IMPLEMENTATIONS = YES;
				CLANG_WARN_DIRECT_OBJC_ISA_USAGE = YES_ERROR;
				CLANG_WARN_DOCUMENTATION_COMMENTS = YES;
				CLANG_WARN_EMPTY_BODY = YES;
				CLANG_WARN_ENUM_CONVERSION = YES;
				CLANG_WARN_INFINITE_RECURSION = YES;
				CLANG_WARN_INT_CONVERSION = YES;
				CLANG_WARN_NON_LITERAL_NULL_CONVERSION = YES;
				CLANG_WARN_OBJC_IMPLICIT_RETAIN_SELF = YES;
				CLANG_WARN_OBJC_LITERAL_CONVERSION = YES;
				CLANG_WARN_OBJC_ROOT_CLASS = YES_ERROR;
				CLANG_WARN_QUOTED_INCLUDE_IN_FRAMEWORK_HEADER = YES;
				CLANG_WARN_RANGE_LOOP_ANALYSIS = YES;
				CLANG_WARN_STRICT_PROTOTYPES = YES;
				CLANG_WARN_SUSPICIOUS_MOVE = YES;
				CLANG_WARN_UNGUARDED_AVAILABILITY = YES_AGGRESSIVE;
				CLANG_WARN_UNREACHABLE_CODE = YES;
				CLANG_WARN__DUPLICATE_METHOD_MATCH = YES;
				COPY_PHASE_STRIP = NO;
				DEBUG_INFORMATION_FORMAT = "dwarf-with-dsym";
				ENABLE_NS_ASSERTIONS = NO;
				ENABLE_STRICT_OBJC_MSGSEND = YES;
				ENABLE_USER_SCRIPT_SANDBOXING = YES;
				GCC_C_LANGUAGE_STANDARD = gnu17;
				GCC_NO_COMMON_BLOCKS = YES;
				GCC_WARN_64_TO_32_BIT_CONVERSION = YES;
				GCC_WARN_ABOUT_RETURN_TYPE = YES_ERROR;
				GCC_WARN_UNDECLARED_SELECTOR = YES;
				GCC_WARN_UNINITIALIZED_AUTOS = YES_AGGRESSIVE;
				GCC_WARN_UNUSED_FUNCTION = YES;
				GCC_WARN_UNUSED_VARIABLE = YES;
				IPHONEOS_DEPLOYMENT_TARGET = 26.5;
				LOCALIZATION_PREFERS_STRING_CATALOGS = YES;
				MTL_ENABLE_DEBUG_INFO = NO;
				MTL_FAST_MATH = YES;
				SDKROOT = iphoneos;
				SWIFT_COMPILATION_MODE = wholemodule;
				VALIDATE_PRODUCT = YES;
			};
			name = Release;
		};
/* End XCBuildConfiguration section */

/* Begin XCConfigurationList section */
		3053FD803009240500577EAB /* Build configuration list for PBXProject "262NocturneVessel" */ = {
			isa = XCConfigurationList;
			buildConfigurations = (
				3053FD9B3009240600577EAB /* Debug */,
				3053FD9C3009240600577EAB /* Release */,
			);
			defaultConfigurationIsVisible = 0;
			defaultConfigurationName = Release;
		};
		3053FD983009240600577EAB /* Build configuration list for PBXNativeTarget "262NocturneVessel" */ = {
			isa = XCConfigurationList;
			buildConfigurations = (
				3053FD993009240600577EAB /* Debug */,
				3053FD9A3009240600577EAB /* Release */,
			);
			defaultConfigurationIsVisible = 0;
			defaultConfigurationName = Release;
		};
/* End XCConfigurationList section */
	};
	rootObject = 3053FD7D3009240500577EAB /* Project object */;
}
